{
    "_meta": {
        "hash": {
            "sha256": "a2f8c0de607b3326fd71c7d350774659d6bf2d32908c8f4d0f675866970c1d67"
        },
        "pipfile-spec": 6,
        "requires": {},
        "sources": [
            {
                "name": "pypi",
                "url": "https://pypi.org/simple",
                "verify_ssl": true
            }
        ]
    },
    "default": {
        "pygame-ce": {
            "hashes": [
                "sha256:0414ca0da2cab257671e0e40995702687c09d54068102faf980620fee5dd3f49",
                "sha256:05fbc2f6370531181360f18ea046b1eeb2505bdc4d1056d75cd0a49c10c5d44f",
                "sha256:0650bfbcd4362a721fd35655a8d49c1bcb96cc811ccec6b28aebb970516be11a",
                "sha256:0a02373c7d48331a85b208047a41475b5fe5cfd2c48ca8fea06b805730ae9615",
                "sha256:11974707088258793428c87ca3c973b3851008d2319879b3be29c340e3e6cb92",
                "sha256:19ca4e57caf93e8c1e4a1b4d0109f5a0ab3ccc27cfda7a7682a12ea8a36f8a13",
                "sha256:1b15f9aaba489a480f4c35bd902683e4f3e7113c3f4c12939d27a784ff9d2d46",
                "sha256:1eeeb2acff68b4d9f121e439352a8ca435f726993648469d7202b200e1d2c454",
                "sha256:2ca9e6eb9cec9913e4ca3bc37014ad8095c24046ff7c09d62816e280e6fce24c",
                "sha256:300cd766bae854fdba44271bf104d856c0efac34a47490556279aeb07a3fb07e",
                "sha256:35a6d1df8afa0db0156a782b99d6b7f68f76ed0669e396a6c13a320d6b499439",
                "sha256:369f172999725b51e153c9ffd4df19697dda83efcfe4dd8ba2942b3af103105e",
                "sha256:37fb8efe8f83bdd48187a818c6129f206e86f706bce915c696f7e5b78fc507f2",
                "sha256:407449b7cbe174ef0a047f61ebc78eb04dd3d560aca44293ccfb806336e19484",
                "sha256:4d190fba752bf1be057d4d7538730a76d68241dcaa5d46e32fc342250413301e",
                "sha256:5810bbf19797cbcb2eed3e9def1ae7d3d42e52372dec93f9980825fb3090a30e",
                "sha256:66c61d6dfd25bef20b5cd0fcfc6fe75e18c3ebdbe383619b1f265af05c4828ca",
                "sha256:6ba0f66b7346ec63ee8c5a21db354363ed35f84555b2c902f7ddcc52cb7928f2",
                "sha256:7edb98891789cdd9b65d26c1dd8dd9621e929492259c6e68ca54c3dfdfdde22b",
                "sha256:8166f2d8cfab8b6bb94bc8be5d4052afa9567ae702e124607ef7bbd17a161ed7",
                "sha256:874156b8abb553a289815399635b7e50f65e19614b6c8234c671c547cd8534b0",
                "sha256:89b23aa2481eb1c45c56be6b0d51956e026b145dcb6213311f2a713482a802ee",
                "sha256:8c56cacde99d3d638a6e47ce87160a2a02a704ad8e0f26d05a37a222cf39a82e",
                "sha256:931a23ccd2db275178cdd6d822e4d9049c4f31ac71a12d4006102e84ecb9461d",
                "sha256:95f0d6541f66f34a14571ca40f79fb4afc1fa4fd4b1b981a567a05651d92a5d4",
                "sha256:a80add0c8ef34105f025aa9fedf527e8a7d7cf29639ebfae4318ecb11f46eaee",
                "sha256:b5747773da98e992f5e0022d554e6eaf02cd61752a30c6c3ce4cfa61f99717e3",
                "sha256:bb9c8309a2b7a73db1ab5d4460bcf20f02c81d323a440c608cc99e978f9a0159",
                "sha256:bbd72d0859464614c69a4a984c0eb5fad1fea1e81a0fd6cf2d2f7bb3e4048b01",
                "sha256:bd44ea9f73b56dbbd56d010e039c223fc44e5de4f6fa839a0cf7c83482bf3f40",
                "sha256:c00b2279a6ebd70ca69f01837ce0dfb017bd4a28833373a08dddbae91a4a52a8",
                "sha256:c056a738c92ccc1cb30efb8c167fd05bef190b7eb3fa1c7e3b2a3397e6c8c415",
                "sha256:cfaedcc273cd6b422e9e5bd627cb1a2ba28ac4e82b94640bc3397070e9833ce8",
                "sha256:cfe6f8df61f8190dd7c88ff8976c9cc48df8774eb40d8bf09c747a8d4011e7b0",
                "sha256:d2aa53fc0b099fb9b506f484d2ba61b4c39c7114425db8f19499068ce20d2526",
                "sha256:d98fa2da161513c86e38521e7480bdaed5129a2b0f0405e690f08d524e4da472",
                "sha256:dab5607127e0e0ad9de44800a0d492d480398b3faa14f3f36ea16c1f77b44679",
                "sha256:e0f2f85680213e38753b04aa9c621a94f424c1f5ebb2849270876421484bc0aa",
                "sha256:e6c4ce3e268c24b0023b6c6ed10ef3e661abcb2f545db0e882e0dfc5b9836e46",
                "sha256:f6453cd5ac418de447dfaba6016cdc17a7b8574822a6570d9301b354b59c45f6",
                "sha256:fc94ecab40713a2fb44b611b830673c1fc9b8aab50321e81c213eca4fe1125fc",
                "sha256:fef663ff056fd627f685fc1afb4f8d9961c30d1d989ff3b17354e70264b3f245"
            ],
            "index": "pypi",
            "version": "==2.2.0"
        }
    },
    "develop": {}
}
